
Microsoft Visual Studio Solution File, Format Version 12.00
# Visual Studio 15
VisualStudioVersion = 15.0.28307.271
MinimumVisualStudioVersion = 10.0.40219.1
Project("{FAE04EC0-301F-11D3-BF4B-00C04F79EFBC}") = "binary-search-recursion", "binary-search-recursion\binary-search-recursion.csproj", "{EF25196B-13E4-4D02-A36C-1E29F2F85978}"
EndProject
Global
	GlobalSection(SolutionConfigurationPlatforms) = preSolution
		Debug|Any CPU = Debug|Any CPU
		Release|Any CPU = Release|Any CPU
	EndGlobalSection
	GlobalSection(ProjectConfigurationPlatforms) = postSolution
		{EF25196B-13E4-4D02-A36C-1E29F2F85978}.Debug|Any CPU.ActiveCfg = Debug|Any CPU
		{EF25196B-13E4-4D02-A36C-1E29F2F85978}.Debug|Any CPU.Build.0 = Debug|Any CPU
		{EF25196B-13E4-4D02-A36C-1E29F2F85978}.Release|Any CPU.ActiveCfg = Release|Any CPU
		{EF25196B-13E4-4D02-A36C-1E29F2F85978}.Release|Any CPU.Build.0 = Release|Any CPU
	EndGlobalSection
	GlobalSection(SolutionProperties) = preSolution
		HideSolutionNode = FALSE
	EndGlobalSection
	GlobalSection(ExtensibilityGlobals) = postSolution
		SolutionGuid = {69B47089-4B78-400A-8CF9-1A1416FA167B}
	EndGlobalSection
EndGlobal
